{
  "nodes": {
    "nixpkgs": {
      "locked": {
        "lastModified": 0,
        "narHash": "sha256-RfwSVQXG//udxw3Cu4EsjaojwtVmtFaDSb7hjwgPKQQ=",
        "path": "/nix/store/i37b8y6sqj4k27n0hal3zwsianhci2fv-source",
        "type": "path"
      },
      "original": {
        "id": "nixpkgs",
        "type": "indirect"
      }
    },
    "root": {
      "inputs": {
        "nixpkgs": "nixpkgs"
      }
    }
  },
  "root": "root",
  "version": 7
}
